{
  "version": "2",
  "remote": {},
  "npm": {
    "specifiers": {
      "nunjucks": "nunjucks@3.2.4"
    },
    "packages": {
      "a-sync-waterfall@1.0.1": {
        "integrity": "sha512-RYTOHHdWipFUliRFMCS4X2Yn2X8M87V/OpSqWzKKOGhzqyUxzyVmhHDH9sAvG+ZuQf/TAOFsLCpMw09I1ufUnA==",
        "dependencies": {}
      },
      "asap@2.0.6": {
        "integrity": "sha512-BSHWgDSAiKs50o2Re8ppvp3seVHXSRM44cdSsT9FfNEUUZLOGWVCsiWaRPWM1Znn+mqZ1OfVZ3z3DWEzSp7hRA==",
        "dependencies": {}
      },
      "commander@5.1.0": {
        "integrity": "sha512-P0CysNDQ7rtVw4QIQtm+MRxV66vKFSvlsQvGYXZWR3qFU0jlMKHZZZgw8e+8DSah4UDKMqnknRDQz+xuQXQ/Zg==",
        "dependencies": {}
      },
      "nunjucks@3.2.4": {
        "integrity": "sha512-26XRV6BhkgK0VOxfbU5cQI+ICFUtMLixv1noZn1tGU38kQH5A5nmmbk/O45xdyBhD1esk47nKrY0mvQpZIhRjQ==",
        "dependencies": {
          "a-sync-waterfall": "a-sync-waterfall@1.0.1",
          "asap": "asap@2.0.6",
          "commander": "commander@5.1.0"
        }
      }
    }
  }
}
